lockfileVersion: '9.0'

settings:
  autoInstallPeers: true
  excludeLinksFromLockfile: false

importers:

  .:
    devDependencies:
      '@asteasolutions/zod-to-openapi':
        specifier: 5.5.0
        version: 5.5.0(zod@3.25.76)
      '@types/node':
        specifier: 20.19.43
        version: 20.19.43
      express:
        specifier: 4.22.3
        version: 4.22.3
      openapi3-ts:
        specifier: 4.6.1
        version: 4.6.1
      redoc-express:
        specifier: 2.1.3
        version: 2.1.3
      swagger-ui-express:
        specifier: 5.0.1
        version: 5.0.1(express@4.22.3)
      typescript:
        specifier: 5.9.3
        version: 5.9.3
      vite-node:
        specifier: 0.34.7
        version: 0.34.7(@types/node@20.19.43)
      zod:
        specifier: 3.25.76
        version: 3.25.76

packages:

  '@asteasolutions/zod-to-openapi@5.5.0':
    resolution: {integrity: sha512-d5HwrvM6dOKr3XdeF+DmashGvfEc+1oiEfbscugsiwSTrFtuMa7ETpW9sTNnVgn+hJaz+PRxPQUYD7q9/5dUig==}
    peerDependencies:
      zod: ^3.20.2

  '@esbuild/aix-ppc64@0.21.5':
    resolution: {integrity: sha512-1SDgH6ZSPTlggy1yI6+Dbkiz8xzpHJEVAlF/AM1tHPLsf5STom9rwtjE4hKAF20FfXXNTFqEYXyJNWh1GiZedQ==}
    engines: {node: '>=12'}
    cpu: [ppc64]
    os: [aix]

  '@esbuild/android-arm64@0.21.5':
    resolution: {integrity: sha512-c0uX9VAUBQ7dTDCjq+wdyGLowMdtR/GoC2U5IYk/7D1H1JYC0qseD7+11iMP2mRLN9RcCMRcjC4YMclCzGwS/A==}
    engines: {node: '>=12'}
    cpu: [arm64]
    os: [android]

  '@esbuild/android-arm@0.21.5':
    resolution: {integrity: sha512-vCPvzSjpPHEi1siZdlvAlsPxXl7WbOVUBBAowWug4rJHb68Ox8KualB+1ocNvT5fjv6wpkX6o/iEpbDrf68zcg==}
    engines: {node: '>=12'}
    cpu: [arm]
    os: [android]

  '@esbuild/android-x64@0.21.5':
    resolution: {integrity: sha512-D7aPRUUNHRBwHxzxRvp856rjUHRFW1SdQATKXH2hqA0kAZb1hKmi02OpYRacl0TxIGz/ZmXWlbZgjwWYaCakTA==}
    engines: {node: '>=12'}
    cpu: [x64]
    os: [android]

  '@esbuild/darwin-arm64@0.21.5':
    resolution: {integrity: sha512-DwqXqZyuk5AiWWf3UfLiRDJ5EDd49zg6O9wclZ7kUMv2WRFr4HKjXp/5t8JZ11QbQfUS6/cRCKGwYhtNAY88kQ==}
    engines: {node: '>=12'}
    cpu: [arm64]
    os: [darwin]

  '@esbuild/darwin-x64@0.21.5':
    resolution: {integrity: sha512-se/JjF8NlmKVG4kNIuyWMV/22ZaerB+qaSi5MdrXtd6R08kvs2qCN4C09miupktDitvh8jRFflwGFBQcxZRjbw==}
    engines: {node: '>=12'}
    cpu: [x64]
    os: [darwin]

  '@esbuild/freebsd-arm64@0.21.5':
    resolution: {integrity: sha512-5JcRxxRDUJLX8JXp/wcBCy3pENnCgBR9bN6JsY4OmhfUtIHe3ZW0mawA7+RDAcMLrMIZaf03NlQiX9DGyB8h4g==}
    engines: {node: '>=12'}
    cpu: [arm64]
    os: [freebsd]

  '@esbuild/freebsd-x64@0.21.5':
    resolution: {integrity: sha512-J95kNBj1zkbMXtHVH29bBriQygMXqoVQOQYA+ISs0/2l3T9/kj42ow2mpqerRBxDJnmkUDCaQT/dfNXWX/ZZCQ==}
    engines: {node: '>=12'}
    cpu: [x64]
    os: [freebsd]

  '@esbuild/linux-arm64@0.21.5':
    resolution: {integrity: sha512-ibKvmyYzKsBeX8d8I7MH/TMfWDXBF3db4qM6sy+7re0YXya+K1cem3on9XgdT2EQGMu4hQyZhan7TeQ8XkGp4Q==}
    engines: {node: '>=12'}
    cpu: [arm64]
    os: [linux]

  '@esbuild/linux-arm@0.21.5':
    resolution: {integrity: sha512-bPb5AHZtbeNGjCKVZ9UGqGwo8EUu4cLq68E95A53KlxAPRmUyYv2D6F0uUI65XisGOL1hBP5mTronbgo+0bFcA==}
    engines: {node: '>=12'}
    cpu: [arm]
    os: [linux]

  '@esbuild/linux-ia32@0.21.5':
    resolution: {integrity: sha512-YvjXDqLRqPDl2dvRODYmmhz4rPeVKYvppfGYKSNGdyZkA01046pLWyRKKI3ax8fbJoK5QbxblURkwK/MWY18Tg==}
    engines: {node: '>=12'}
    cpu: [ia32]
    os: [linux]

  '@esbuild/linux-loong64@0.21.5':
    resolution: {integrity: sha512-uHf1BmMG8qEvzdrzAqg2SIG/02+4/DHB6a9Kbya0XDvwDEKCoC8ZRWI5JJvNdUjtciBGFQ5PuBlpEOXQj+JQSg==}
    engines: {node: '>=12'}
    cpu: [loong64]
    os: [linux]

  '@esbuild/linux-mips64el@0.21.5':
    resolution: {integrity: sha512-IajOmO+KJK23bj52dFSNCMsz1QP1DqM6cwLUv3W1QwyxkyIWecfafnI555fvSGqEKwjMXVLokcV5ygHW5b3Jbg==}
    engines: {node: '>=12'}
    cpu: [mips64el]
    os: [linux]

  '@esbuild/linux-ppc64@0.21.5':
    resolution: {integrity: sha512-1hHV/Z4OEfMwpLO8rp7CvlhBDnjsC3CttJXIhBi+5Aj5r+MBvy4egg7wCbe//hSsT+RvDAG7s81tAvpL2XAE4w==}
    engines: {node: '>=12'}
    cpu: [ppc64]
    os: [linux]

  '@esbuild/linux-riscv64@0.21.5':
    resolution: {integrity: sha512-2HdXDMd9GMgTGrPWnJzP2ALSokE/0O5HhTUvWIbD3YdjME8JwvSCnNGBnTThKGEB91OZhzrJ4qIIxk/SBmyDDA==}
    engines: {node: '>=12'}
    cpu: [riscv64]
    os: [linux]

  '@esbuild/linux-s390x@0.21.5':
    resolution: {integrity: sha512-zus5sxzqBJD3eXxwvjN1yQkRepANgxE9lgOW2qLnmr8ikMTphkjgXu1HR01K4FJg8h1kEEDAqDcZQtbrRnB41A==}
    engines: {node: '>=12'}
    cpu: [s390x]
    os: [linux]

  '@esbuild/linux-x64@0.21.5':
    resolution: {integrity: sha512-1rYdTpyv03iycF1+BhzrzQJCdOuAOtaqHTWJZCWvijKD2N5Xu0TtVC8/+1faWqcP9iBCWOmjmhoH94dH82BxPQ==}
    engines: {node: '>=12'}
    cpu: [x64]
    os: [linux]

  '@esbuild/netbsd-x64@0.21.5':
    resolution: {integrity: sha512-Woi2MXzXjMULccIwMnLciyZH4nCIMpWQAs049KEeMvOcNADVxo0UBIQPfSmxB3CWKedngg7sWZdLvLczpe0tLg==}
    engines: {node: '>=12'}
    cpu: [x64]
    os: [netbsd]

  '@esbuild/openbsd-x64@0.21.5':
    resolution: {integrity: sha512-HLNNw99xsvx12lFBUwoT8EVCsSvRNDVxNpjZ7bPn947b8gJPzeHWyNVhFsaerc0n3TsbOINvRP2byTZ5LKezow==}
    engines: {node: '>=12'}
    cpu: [x64]
    os: [openbsd]

  '@esbuild/sunos-x64@0.21.5':
    resolution: {integrity: sha512-6+gjmFpfy0BHU5Tpptkuh8+uw3mnrvgs+dSPQXQOv3ekbordwnzTVEb4qnIvQcYXq6gzkyTnoZ9dZG+D4garKg==}
    engines: {node: '>=12'}
    cpu: [x64]
    os: [sunos]

  '@esbuild/win32-arm64@0.21.5':
    resolution: {integrity: sha512-Z0gOTd75VvXqyq7nsl93zwahcTROgqvuAcYDUr+vOv8uHhNSKROyU961kgtCD1e95IqPKSQKH7tBTslnS3tA8A==}
    engines: {node: '>=12'}
    cpu: [arm64]
    os: [win32]

  '@esbuild/win32-ia32@0.21.5':
    resolution: {integrity: sha512-SWXFF1CL2RVNMaVs+BBClwtfZSvDgtL//G/smwAc5oVK/UPu2Gu9tIaRgFmYFFKrmg3SyAjSrElf0TiJ1v8fYA==}
    engines: {node: '>=12'}
    cpu: [ia32]
    os: [win32]

  '@esbuild/win32-x64@0.21.5':
    resolution: {integrity: sha512-tQd/1efJuzPC6rCFwEvLtci/xNFcTZknmXs98FYDfGE4wP9ClFV98nyKrzJKVPMhdDnjzLhdUyMX4PsQAPjwIw==}
    engines: {node: '>=12'}
    cpu: [x64]
    os: [win32]

  '@napi-rs/lzma-linux-x64-gnu@1.5.1':
    resolution: {integrity: sha512-oTXEIha4SsuXdTA4Iyskj0kpdx2yVXdhd75c2v3xGrHFfVMsbhTPZU/nMPL4sWKo4pBHm3aucLaqGlF696dTyQ==}
    engines: {node: ^22.20 || ^24.12 || >=25}
    cpu: [x64]
    os: [linux]
    libc: [glibc]

  '@rollup/rollup-android-arm-eabi@4.64.3':
    resolution: {integrity: sha512-a31GFbL70GlGUGhn8goVjRLtdDG1urLCJFWLZ7JcxdHK9pPvCohLFtYLgJDdNbtrNZSrJl1u9bK05ISsSC2EpA==}
    cpu: [arm]
    os: [android]

  '@rollup/rollup-android-arm64@4.64.3':
    resolution: {integrity: sha512-IRv757RLiPGlNxAX5JXU0eiUlUPvKiwFRbkqLd+gywptLK4uSEg1qkl6en6r0cXMazSnWUWOBABv+QfuLV3n5Q==}
    cpu: [arm64]
    os: [android]

  '@rollup/rollup-darwin-arm64@4.64.3':
    resolution: {integrity: sha512-UkzI35Fnz6+MJNATdnjnZ3TpdG/rXab8h7oDOD9R0zDVIFmuuYrvgUj8V8mh+A//+LR4TlEQo4ZW4RhyRtWv3A==}
    cpu: [arm64]
    os: [darwin]

  '@rollup/rollup-darwin-x64@4.64.3':
    resolution: {integrity: sha512-C3AyMtAnKQ/jSkZ0chIoWbPXRbFz8JnPLhl1ULecEhcaOGkT19xt7KmO8BulQxt9S/XideHRXvsVQUbGj4JCOg==}
    cpu: [x64]
    os: [darwin]

  '@rollup/rollup-freebsd-arm64@4.64.3':
    resolution: {integrity: sha512-M8yAdBMyHh14JLeXDNGvEkljzuHdcoLBQ399O4Fp4nvX51lueuEY/5U2G9Ci0D6/bQlBp/3JLiBQH55STwwbwg==}
    cpu: [arm64]
    os: [freebsd]

  '@rollup/rollup-freebsd-x64@4.64.3':
    resolution: {integrity: sha512-WQjuOKGh2FN98ZK6i0uM6M6YqnPEds85p3oRkrxiEeTQo/p7RpuU8c9MwQ88LfgwVAzohumlzbQQSikz4Zw9rw==}
    cpu: [x64]
    os: [freebsd]

  '@rollup/rollup-linux-arm-gnueabihf@4.64.3':
    resolution: {integrity: sha512-5tDLZG5s9WyVKoEHgwos6FpKrgpotl61EYeHSLSVkQzMzTsaClwEr8mok9rm3y734zjiGInG4dfw/56ebWVvEQ==}
    cpu: [arm]
    os: [linux]
    libc: [glibc]

  '@rollup/rollup-linux-arm-musleabihf@4.64.3':
    resolution: {integrity: sha512-Mh5KbLeplM2HX6lQI18jsxSsqvPW8d+Hyk8HtY6Zl93woMitRSCZ92rBEzq6v8bfZGlpyMgj4P/sKW4KCjhH3A==}
    cpu: [arm]
    os: [linux]
    libc: [musl]

  '@rollup/rollup-linux-arm64-gnu@4.64.3':
    resolution: {integrity: sha512-QZrrwHnznTv6y4iiHtCqDN+ZsF4qNFQObMOLgPrbxhh9O5o4rgoUe5OnkqG/ceCObMrAjhQt+eQ6HSDzBFgVMw==}
    cpu: [arm64]
    os: [linux]
    libc: [glibc]

  '@rollup/rollup-linux-arm64-musl@4.64.3':
    resolution: {integrity: sha512-4vLehpXSwlkltnvk5ETB+Hz+d3xayZS3NamZ5Vq4bSo+IUoIALovEJF1YgWPMjHwN7R5o/R4BpP9h3q8EK1xAA==}
    cpu: [arm64]
    os: [linux]
    libc: [musl]

  '@rollup/rollup-linux-loong64-gnu@4.64.3':
    resolution: {integrity: sha512-SEN7TTTOdXJKZmsWKOnQeVfgy3Dje/08ISXWwFhTggQ3SxjuIaChvmOB5ZDZqJNlBjaXrV6nAHraqEAvdLGqcw==}
    cpu: [loong64]
    os: [linux]
    libc: [glibc]

  '@rollup/rollup-linux-loong64-musl@4.64.3':
    resolution: {integrity: sha512-1LDsQMRMCEdGF9Dih5qyh6fF1LK3NnA+pAtE2+9AgZwUdXyd19TOBVC9crSB63iZBHR4vOG7h8gN/LcUH3J7xw==}
    cpu: [loong64]
    os: [linux]
    libc: [musl]

  '@rollup/rollup-linux-ppc64-gnu@4.64.3':
    resolution: {integrity: sha512-v3D2tAfRriqGOi+5Ac5CiYbBo2NXtLVxJlludTvUZRj502lVMFeVIuvvWbz4qCrotn3e3Uvpvh7FcMpG2QxxXQ==}
    cpu: [ppc64]
    os: [linux]
    libc: [glibc]

  '@rollup/rollup-linux-ppc64-musl@4.64.3':
    resolution: {integrity: sha512-db5q6dP189V2+JkMpsXBl8ym6bC0x8ydZ47fUJZ9YdM6T2OF5uqNzX9HaAZHRP/lqjA9bJeNwi0qw1/2/37dUA==}
    cpu: [ppc64]
    os: [linux]
    libc: [musl]

  '@rollup/rollup-linux-riscv64-gnu@4.64.3':
    resolution: {integrity: sha512-nArAVDmrL5ix9UoipcKEsYJw4kMUQCIPYRWuYF2POOC7jd9rmN95d/48ewsYFC/OdtwEx6VYYWYxrp8FbMOU2Q==}
    cpu: [riscv64]
    os: [linux]
    libc: [glibc]

  '@rollup/rollup-linux-riscv64-musl@4.64.3':
    resolution: {integrity: sha512-2dc7LElu7EVSvpQT8epNnBLa02wlqilNYqHN0FA/RaKqCr9U9ZFYQ0Eh4sfgSzLneLDuJsJRjcezR/l2UyYGXA==}
    cpu: [riscv64]
    os: [linux]
    libc: [musl]

  '@rollup/rollup-linux-s390x-gnu@4.64.3':
    resolution: {integrity: sha512-9PYq2IEzSwXcvQLERcT9LKXRzw8J05GFTbJHA2anJR2WmlRjA1esgXVYhanp+bmjKsDVoZeU2L7Z2pRClLcZTw==}
    cpu: [s390x]
    os: [linux]
    libc: [glibc]

  '@rollup/rollup-linux-x64-gnu@4.64.3':
    resolution: {integrity: sha512-vMh+mt0cw1BHldd8cqaU6A5s1W4EUKl6+8MRsv86mj954L4xyruKD7qPXMUI2icImadAZARK10h0onaGTLmCVg==}
    cpu: [x64]
    os: [linux]
    libc: [glibc]

  '@rollup/rollup-linux-x64-musl@4.64.3':
    resolution: {integrity: sha512-PpiKU+sWbqDGc0U0su8oXiyeyqm0UQjmaaPKHktX+DaLe6YKJwW2YVD0f2AXHdVvblZbRqpwRVClWP2F5HCqrQ==}
    cpu: [x64]
    os: [linux]
    libc: [musl]

  '@rollup/rollup-openbsd-x64@4.64.3':
    resolution: {integrity: sha512-/3enY/AmaIt8IS0fWjX4ztYVPBqkj49cQTy/hCryhBFaEzDfJwwEolq9sxvyWAM2qmsmVuPdeRg5JXSrmeqvJg==}
    cpu: [x64]
    os: [openbsd]

  '@rollup/rollup-openharmony-arm64@4.64.3':
    resolution: {integrity: sha512-zsEP/QDuet52hhwvi5T1VPg0/Tkms0m3zkVv7CPsznvhdO4pL4oJTMz26EJsiCe18OeLKPgpTu3XVO3C1eq3ew==}
    cpu: [arm64]
    os: [openharmony]

  '@rollup/rollup-win32-arm64-msvc@4.64.3':
    resolution: {integrity: sha512-4ESknW4Db+kqvazVOfsReYJaHxcIsOqcgwjKV2J1tG5Bn4RVf5ocTQKSGuq2HWBJcOLuyim8IWX8DuH6nKmELA==}
    cpu: [arm64]
    os: [win32]

  '@rollup/rollup-win32-ia32-msvc@4.64.3':
    resolution: {integrity: sha512-3B8VCQyIyv7FQxYYhb3HpR3bIpronR20txjMSffSoz/sm/DDs3/49CFpEueOsvq9qW9sWoI/6pi6mtciD9NXFg==}
    cpu: [ia32]
    os: [win32]

  '@rollup/rollup-win32-x64-gnu@4.64.3':
    resolution: {integrity: sha512-YOoDkKh2oQxOxRB5D9AR8sj3qpMShpmyTkjojiBjMGigz3caV7UvCnXWWUQC0TBmrZ5zuHe2pWl8S+cMfvXzRg==}
    cpu: [x64]
    os: [win32]

  '@rollup/rollup-win32-x64-msvc@4.64.3':
    resolution: {integrity: sha512-qTv4bG+eKJKifzxNJevMUh8L6CjJrz9/Kn1IbP2F5bo0tBzNIR7HMg4vni6XmDzcKUl00lHHY+J5ZgjbGiujOQ==}
    cpu: [x64]
    os: [win32]

  '@scarf/scarf@1.4.0':
    resolution: {integrity: sha512-xxeapPiUXdZAE3che6f3xogoJPeZgig6omHEy1rIY5WVsB3H2BHNnZH+gHG6x91SCWyQCzWGsuL2Hh3ClO5/qQ==}

  '@types/estree@1.0.9':
    resolution: {integrity: sha512-GhdPgy1el4/ImP05X05Uw4cw2/M93BCUmnEvWZNStlCzEKME4Fkk+YpoA5OiHNQmoS7Cafb8Xa3Pya8m1Qrzeg==}

  '@types/node@20.19.43':
    resolution: {integrity: sha512-6oYBAi5ikg4Pl+kGsoYtawUMBT2zZMCvPNF7pVLnHZfd1zf38DRiWn/gT01RYCdUqkv7Fhr+C9ot4/tb+2sVvA==}

  accepts@1.3.8:
    resolution: {integrity: sha512-PYAthTa2m2VKxuvSD3DPC/Gy+U+sOA1LAuT8mkmRuvw+NACSaeXEQ+NHcVF7rONl6qcaxV3Uuemwawk+7+SJLw==}
    engines: {node: '>= 0.6'}

  acorn@8.19.0:
    resolution: {integrity: sha512-oJlA3XiRm7Cyk6qFD2Jn8ak9B7jSy0qy00ADO3+8dpT0LSjFihQYv4C02LFCSYJV3Q37xYwwRy5m+IpIiUzqWw==}
    engines: {node: '>=0.4.0'}
    hasBin: true

  array-flatten@1.1.1:
    resolution: {integrity: sha512-PCVAQswWemu6UdxsDFFX/+gVeYqKAod3D3UVm91jHwynguOwAvYPhx8nNlM++NqRcK6CxxpUafjmhIdKiHibqg==}

  body-parser@1.20.8:
    resolution: {integrity: sha512-JNcyFQ64OiijEkPzUBTCe+hyPXUD/3LEldGQ6iF5LR1w00mx9o7xtDWHXBY2iItjdCFGoilOLNQbH943ut7pHA==}
    engines: {node: '>= 0.8', npm: 1.2.8000 || >= 1.4.16}

  bytes@3.1.2:
    resolution: {integrity: sha512-/Nf7TyzTx6S3yRJObOAV7956r8cr2+Oj8AC5dt8wSP3BQAoeX58NoHyCU8P8zGkNXStjTSi6fzO6F0pBdcYbEg==}
    engines: {node: '>= 0.8'}

  cac@6.7.14:
    resolution: {integrity: sha512-b6Ilus+c3RrdDk+JhLKUAQfzzgLEPy6wcXqS7f/xe1EETvsDP6GORG7SFuOs6cID5YkqchW/LXZbX5bc8j7ZcQ==}
    engines: {node: '>=8'}

  call-bind-apply-helpers@1.0.2:
    resolution: {integrity: sha512-Sp1ablJ0ivDkSzjcaJdxEunN5/XvksFJ2sMBFfq6x0ryhQV/2b/KwFe21cMpmHtPOSij8K99/wSfoEuTObmuMQ==}
    engines: {node: '>= 0.4'}

  call-bound@1.0.4:
    resolution: {integrity: sha512-+ys997U96po4Kx/ABpBCqhA9EuxJaQWDQg7295H4hBphv3IZg0boBKuwYpt4YXp6MZ5AmZQnU/tyMTlRpaSejg==}
    engines: {node: '>= 0.4'}

  confbox@0.1.8:
    resolution: {integrity: sha512-RMtmw0iFkeR4YV+fUOSucriAQNb9g8zFR52MWCtl+cCZOFRNL6zeB395vPzFhEjjn4fMxXudmELnl/KF/WrK6w==}

  content-disposition@0.5.4:
    resolution: {integrity: sha512-FveZTNuGw04cxlAiWbzi6zTAL/lhehaWbTtgluJh4/E95DqMwTmha3KZN1aAWA8cFIhHzMZUvLevkw5Rqk+tSQ==}
    engines: {node: '>= 0.6'}

  content-type@1.0.5:
    resolution: {integrity: sha512-nTjqfcBFEipKdXCv4YDQWCfmcLZKm81ldF0pAopTvyrFGVbcR6P/VAAd5G7N+0tTr8QqiU0tFadD6FK4NtJwOA==}
    engines: {node: '>= 0.6'}

  cookie-signature@1.0.7:
    resolution: {integrity: sha512-NXdYc3dLr47pBkpUCHtKSwIOQXLVn8dZEuywboCOJY/osA0wFSLlSawr3KN8qXJEyX66FcONTH8EIlVuK0yyFA==}

  cookie@0.7.2:
    resolution: {integrity: sha512-yki5XnKuf750l50uGTllt6kKILY4nQ1eNIQatoXEByZ5dWgnKqbnqmTrBE5B4N7lrMJKQ2ytWMiTO2o0v6Ew/w==}
    engines: {node: '>= 0.6'}

  debug@2.6.9:
    resolution: {integrity: sha512-bC7ElrdJaJnPbAP+1EotYvqZsb3ecl5wi6Bfi6BJTUcNowp6cvspg0jXznRTKDjm/E7AdgFBVeAPVMNcKGsHMA==}
    peerDependencies:
      supports-color: '*'
    peerDependenciesMeta:
      supports-color:
        optional: true

  debug@4.4.3:
    resolution: {integrity: sha512-RGwwWnwQvkVfavKVt22FGLw+xYSdzARwm0ru6DhTVA3umU5hZc28V3kO4stgYryrTlLpuvgI9GiijltAjNbcqA==}
    engines: {node: '>=6.0'}
    peerDependencies:
      supports-color: '*'
    peerDependenciesMeta:
      supports-color:
        optional: true

  depd@2.0.0:
    resolution: {integrity: sha512-g7nH6P6dyDioJogAAGprGpCtVImJhpPk/roCzdb3fIh61/s/nPsfR6onyMwkCAR/OlC3yBC0lESvUoQEAssIrw==}
    engines: {node: '>= 0.8'}

  destroy@1.2.0:
    resolution: {integrity: sha512-2sJGJTaXIIaR1w4iJSNoN0hnMY7Gpc/n8D4qSCJw8QqFWXf7cuAgnEHxBpweaVcPevC2l3KpjYCx3NypQQgaJg==}
    engines: {node: '>= 0.8', npm: 1.2.8000 || >= 1.4.16}

  dunder-proto@1.0.1:
    resolution: {integrity: sha512-KIN/nDJBQRcXw0MLVhZE9iQHmG68qAVIBg9CqmUYjmQIhgij9U5MFvrqkUL5FbtyyzZuOeOt0zdeRe4UY7ct+A==}
    engines: {node: '>= 0.4'}

  ee-first@1.1.1:
    resolution: {integrity: sha512-WMwm9LhRUo+WUaRN+vRuETqG89IgZphVSNkdFgeb6sS/E4OrDIN7t48CAewSHXc6C8lefD8KKfr5vY61brQlow==}

  encodeurl@2.0.0:
    resolution: {integrity: sha512-Q0n9HRi4m6JuGIV1eFlmvJB7ZEVxu93IrMyiMsGC0lrMJMWzRgx6WGquyfQgZVb31vhGgXnfmPNNXmxnOkRBrg==}
    engines: {node: '>= 0.8'}

  es-define-property@1.0.1:
    resolution: {integrity: sha512-e3nRfgfUZ4rNGL232gUgX06QNyyez04KdjFrF+LTRoOXmrOgFKDg4BCdsjW8EnT69eqdYGmRpJwiPVYNrCaW3g==}
    engines: {node: '>= 0.4'}

  es-errors@1.3.0:
    resolution: {integrity: sha512-Zf5H2Kxt2xjTvbJvP2ZWLEICxA6j+hAmMzIlypy4xcBg1vKVnx89Wy0GbS+kf5cwCVFFzdCFh2XSCFNULS6csw==}
    engines: {node: '>= 0.4'}

  es-object-atoms@1.1.2:
    resolution: {integrity: sha512-HWcBoN6NileqtSydK2FqHbS/LoDd2pqrnQHLyJzBj4kOp/ky2MWMN694xOfkK8/SnUsW2DH7EfyVlydKCsm1Zw==}
    engines: {node: '>= 0.4'}

  esbuild@0.21.5:
    resolution: {integrity: sha512-mg3OPMV4hXywwpoDxu3Qda5xCKQi+vCTZq8S9J/EpkhB2HzKXq4SNFZE3+NK93JYxc8VMSep+lOUSC/RVKaBqw==}
    engines: {node: '>=12'}
    hasBin: true

  escape-html@1.0.3:
    resolution: {integrity: sha512-NiSupZ4OeuGwr68lGIeym/ksIZMJodUGOSCZ/FSnTxcrekbvqrgdUxlJOMpijaKZVjAJrWrGs/6Jy8OMuyj9ow==}

  etag@1.8.1:
    resolution: {integrity: sha512-aIL5Fx7mawVa300al2BnEE4iNvo1qETxLrPI/o05L7z6go7fCw1J6EQmbK4FmJ2AS7kgVF/KEZWufBfdClMcPg==}
    engines: {node: '>= 0.6'}

  express@4.22.3:
    resolution: {integrity: sha512-Bdcs4+3qlpVlx2NRn6fgX2Ue2/gGRaPeawebgclM0ERSCqDpA+owF1fdPwjJUTAJWMTuAaxjDf+hzb0/4eKvvw==}
    engines: {node: '>= 0.10.0'}

  finalhandler@1.3.2:
    resolution: {integrity: sha512-aA4RyPcd3badbdABGDuTXCMTtOneUCAYH/gxoYRTZlIJdF0YPWuGqiAsIrhNnnqdXGswYk6dGujem4w80UJFhg==}
    engines: {node: '>= 0.8'}

  forwarded@0.2.0:
    resolution: {integrity: sha512-buRG0fpBtRHSTCOASe6hD258tEubFoRLb4ZNA6NxMVHNw2gOcwHo9wyablzMzOA5z9xA9L1KNjk/Nt6MT9aYow==}
    engines: {node: '>= 0.6'}

  fresh@0.5.2:
    resolution: {integrity: sha512-zJ2mQYM18rEFOudeV4GShTGIQ7RbzA7ozbU9I/XBpm7kqgMywgmylMwXHxZJmkVoYkna9d2pVXVXPdYTP9ej8Q==}
    engines: {node: '>= 0.6'}

  fsevents@2.3.3:
    resolution: {integrity: sha512-5xoDfX+fL7faATnagmWPpbFtwh/R77WmMMqqHGS65C3vvB0YHrgF+B1YmZ3441tMj5n63k0212XNoJwzlhffQw==}
    engines: {node: ^8.16.0 || ^10.6.0 || >=11.0.0}
    os: [darwin]

  function-bind@1.1.2:
    resolution: {integrity: sha512-7XHNxH7qX9xG5mIwxkhumTox/MIRNcOgDrxWsMt2pAr23WHp6MrRlN7FBSFpCpr+oVO0F744iUgR82nJMfG2SA==}

  get-intrinsic@1.3.0:
    resolution: {integrity: sha512-9fSjSaos/fRIVIp+xSJlE6lfwhES7LNtKaCBIamHsjr2na1BiABJPo0mOjjz8GJDURarmCPGqaiVg5mfjb98CQ==}
    engines: {node: '>= 0.4'}

  get-proto@1.0.1:
    resolution: {integrity: sha512-sTSfBjoXBp89JvIKIefqw7U2CCebsc74kiY6awiGogKtoSGbgjYE/G/+l9sF3MWFPNc9IcoOC4ODfKHfxFmp0g==}
    engines: {node: '>= 0.4'}

  gopd@1.2.0:
    resolution: {integrity: sha512-ZUKRh6/kUFoAiTAtTYPZJ3hw9wNxx+BIBOijnlG9PnrJsCcSjs1wyyD6vJpaYtgnzDrKYRSqf3OO6Rfa93xsRg==}
    engines: {node: '>= 0.4'}

  has-symbols@1.1.0:
    resolution: {integrity: sha512-1cDNdwJ2Jaohmb3sg4OmKaMBwuC48sYni5HUw2DvsC8LjGTLK9h+eb1X6RyuOHe4hT0ULCW68iomhjUoKUqlPQ==}
    engines: {node: '>= 0.4'}

  hasown@2.0.4:
    resolution: {integrity: sha512-T2UbfbBEF32wiepXIsMlTW9+dDYC6wMh/t/vYA4tuOMKqWz/n3vr1NFSxQiyP+zk2mXsoMA/i/7qV6LKut1t1A==}
    engines: {node: '>= 0.4'}

  http-errors@2.0.1:
    resolution: {integrity: sha512-4FbRdAX+bSdmo4AUFuS0WNiPz8NgFt+r8ThgNWmlrjQjt1Q7ZR9+zTlce2859x4KSXrwIsaeTqDoKQmtP8pLmQ==}
    engines: {node: '>= 0.8'}

  iconv-lite@0.4.24:
    resolution: {integrity: sha512-v3MXnZAcvnywkTUEZomIActle7RXXeedOR31wwl7VlyoXO4Qi9arvSenNQWne1TcRwhCL1HwLI21bEqdpj8/rA==}
    engines: {node: '>=0.10.0'}

  inherits@2.0.4:
    resolution: {integrity: sha512-k/vGaX4/Yla3WzyMCvTQOXYeIHvqOKtnqBduzTHpzpQZzAskKMhZ2K+EnBiSM9zGSoIFeMpXKxa4dYeZIQqewQ==}

  ipaddr.js@1.9.1:
    resolution: {integrity: sha512-0KI/607xoxSToH7GjN1FfSbLoU0+btTicjsQSWQlh/hZykN8KpmMf7uYwPW3R+akZ6R/w18ZlXSHBYXiYUPO3g==}
    engines: {node: '>= 0.10'}

  math-intrinsics@1.1.0:
    resolution: {integrity: sha512-/IXtbwEk5HTPyEwyKX6hGkYXxM9nbj64B+ilVJnC/R6B0pH5G4V3b0pVbL7DBj4tkhBAppbQUlf6F6Xl9LHu1g==}
    engines: {node: '>= 0.4'}

  media-typer@0.3.0:
    resolution: {integrity: sha512-dq+qelQ9akHpcOl/gUVRTxVIOkAJ1wR3QAvb4RsVjS8oVoFjDGTc679wJYmUmknUF5HwMLOgb5O+a3KxfWapPQ==}
    engines: {node: '>= 0.6'}

  merge-descriptors@1.0.3:
    resolution: {integrity: sha512-gaNvAS7TZ897/rVaZ0nMtAyxNyi/pdbjbAwUpFQpN70GqnVfOiXpeUUMKRBmzXaSQ8DdTX4/0ms62r2K+hE6mQ==}

  methods@1.1.2:
    resolution: {integrity: sha512-iclAHeNqNm68zFtnZ0e+1L2yUIdvzNoauKU4WBA3VvH/vPFieF7qfRlwUZU+DA9P9bPXIS90ulxoUoCH23sV2w==}
    engines: {node: '>= 0.6'}

  mime-db@1.52.0:
    resolution: {integrity: sha512-sPU4uV7dYlvtWJxwwxHD0PuihVNiE7TyAbQ5SWxDCB9mUYvOgroQOwYQQOKPJ8CIbE+1ETVlOoK1UC2nU3gYvg==}
    engines: {node: '>= 0.6'}

  mime-types@2.1.35:
    resolution: {integrity: sha512-ZDY+bPm5zTTF+YpCrAU9nK0UgICYPT0QtT1NZWFv4s++TNkcgVaT0g6+4R2uI4MjQjzysHB1zxuWL50hzaeXiw==}
    engines: {node: '>= 0.6'}

  mime@1.6.0:
    resolution: {integrity: sha512-x0Vn8spI+wuJ1O6S7gnbaQg8Pxh4NNHb7KSINmEWKiPE4RKOplvijn+NkmYmmRgP68mc70j2EbeTFRsrswaQeg==}
    engines: {node: '>=4'}
    hasBin: true

  mlly@1.8.2:
    resolution: {integrity: sha512-d+ObxMQFmbt10sretNDytwt85VrbkhhUA/JBGm1MPaWJ65Cl4wOgLaB1NYvJSZ0Ef03MMEU/0xpPMXUIQ29UfA==}

  ms@2.0.0:
    resolution: {integrity: sha512-Tpp60P6IUJDTuOq/5Z8cdskzJujfwqfOTkrwIwj7IRISpnkJnT6SyJ4PCPnGMoFjC9ddhal5KVIYtAt97ix05A==}

  ms@2.1.3:
    resolution: {integrity: sha512-6FlzubTLZG3J2a/NVCAleEhjzq5oxgHyaCU9yYXvcLsvoVaHJq/s5xXI6/XXP6tz7R9xAOtHnSO/tXtF3WRTlA==}

  nanoid@3.3.20:
    resolution: {integrity: sha512-uKdg2G3GNCKQn9byYOpxbGqrT2fGO5KRt5J/8b3pok8rT6qxGWF6hxMyJiEYtAf+FVyYuD9hRaDqX5uPFYJ4ZQ==}
    engines: {node: ^10 || ^12 || ^13.7 || ^14 || >=15.0.1}
    hasBin: true

  negotiator@0.6.3:
    resolution: {integrity: sha512-+EUsqGPLsM+j/zdChZjsnX51g4XrHFOIXwfnCVPGlQk/k5giakcKsuxCObBRu6DSm9opw/O6slWbJdghQM4bBg==}
    engines: {node: '>= 0.6'}

  object-inspect@1.13.4:
    resolution: {integrity: sha512-W67iLl4J2EXEGTbfeHCffrjDfitvLANg0UlX3wFUUSTx92KXRFegMHUVgSqE+wvhAbi4WqjGg9czysTV2Epbew==}
    engines: {node: '>= 0.4'}

  on-finished@2.4.1:
    resolution: {integrity: sha512-oVlzkg3ENAhCk2zdv7IJwd/QUD4z2RxRwpkcGY8psCVcCYZNq4wYnVWALHM+brtuJjePWiYF/ClmuDr8Ch5+kg==}
    engines: {node: '>= 0.8'}

  openapi3-ts@4.6.1:
    resolution: {integrity: sha512-XW9MOldkhoICNeXVzzmXzmOW5G73ppOEGmh7fLCqHjgfdEYCGGN+00MlVCeUZgovjjfC56j9tvtDt1zGabNjjA==}

  parseurl@1.3.3:
    resolution: {integrity: sha512-CiyeOxFT/JZyN5m0z9PfXw4SCBJ6Sygz1Dpl0wqjlhDEGGBP1GnsUVEL0p63hoG1fcj3fHynXi9NYO4nWOL+qQ==}
    engines: {node: '>= 0.8'}

  path-to-regexp@0.1.13:
    resolution: {integrity: sha512-A/AGNMFN3c8bOlvV9RreMdrv7jsmF9XIfDeCd87+I8RNg6s78BhJxMu69NEMHBSJFxKidViTEdruRwEk/WIKqA==}

  pathe@1.1.2:
    resolution: {integrity: sha512-whLdWMYL2TwI08hn8/ZqAbrVemu0LNaNNJZX73O6qaIdCTfXutsLhMkjdENX0qhsQ9uIimo4/aQOmXkoon2nDQ==}

  pathe@2.0.3:
    resolution: {integrity: sha512-WUjGcAqP1gQacoQe+OBJsFA7Ld4DyXuUIjZ5cc75cLHvJ7dtNsTugphxIADwspS+AraAUePCKrSVtPLFj/F88w==}

  picocolors@1.1.1:
    resolution: {integrity: sha512-xceH2snhtb5M9liqDsmEw56le376mTZkEX/jEb/RxNFyegNul7eNslCXP9FDj/Lcu0X8KEyMceP2ntpaHrDEVA==}

  pkg-types@1.3.1:
    resolution: {integrity: sha512-/Jm5M4RvtBFVkKWRu2BLUTNP8/M2a+UwuAX+ae4770q1qVGtfjG+WTCupoZixokjmHiry8uI+dlY8KXYV5HVVQ==}

  postcss@8.5.29:
    resolution: {integrity: sha512-49cGhUbXj8Qenv0iTMxA1cFBzxXoctpC9Ujd77t1WcbJIr6nF/eI7g/8MgxrYldFRuAXvja7xQRwavoW7kgrxQ==}
    engines: {node: ^10 || ^12 || >=14}

  proxy-addr@2.0.8:
    resolution: {integrity: sha512-5nnx0yGyVUcY6t9RnWcARWtwT9F1D8O9rt08htPvnd49W1IgZtmLkhu9WfMzQj1cFxjHIO6connUNVW5k7AVyQ==}
    engines: {node: '>= 0.10'}

  qs@6.16.0:
    resolution: {integrity: sha512-h6fhOIaRrID2CbEY2fqs+7t+UXZo+MLAnU5gRIq85uFtdiUPCdsApMlHhXogKVM4HM2DVbIjGNTTYH2OcmP1vA==}
    engines: {node: '>=0.6'}

  range-parser@1.2.1:
    resolution: {integrity: sha512-Hrgsx+orqoygnmhFbKaHE6c296J+HTAQXoxEF6gNupROmmGJRoyzfG3ccAveqCBrwr/2yxQ5BVd/GTl5agOwSg==}
    engines: {node: '>= 0.6'}

  raw-body@2.5.3:
    resolution: {integrity: sha512-s4VSOf6yN0rvbRZGxs8Om5CWj6seneMwK3oDb4lWDH0UPhWcxwOWw5+qk24bxq87szX1ydrwylIOp2uG1ojUpA==}
    engines: {node: '>= 0.8'}

  redoc-express@2.1.3:
    resolution: {integrity: sha512-m4bS7FeGeAqPHjdyDkT/0cx9yGQ2Wt8eDwN9thqSva0ewv0ZPoemwhwu8O/ZiBAbD8IIM5EBDzCsjd5cKEZuxA==}

  rollup@4.64.3:
    resolution: {integrity: sha512-iIMWbptLYsZdGTJMH8ngApXdsCatE6bCMv2eqGIfGE1++kwh7TCWBdWKK0FKC0yx++196vGK5VdagzRXSLMa8A==}
    engines: {node: '>=18.0.0', npm: '>=8.0.0'}
    hasBin: true

  safe-buffer@5.2.1:
    resolution: {integrity: sha512-rp3So07KcdmmKbGvgaNxQSJr7bGVSVk5S9Eq1F+ppbRo70+YeaDxkw5Dd8NPN+GD6bjnYm2VuPuCXmpuYvmCXQ==}

  safer-buffer@2.1.2:
    resolution: {integrity: sha512-YZo3K82SD7Riyi0E1EQPojLz7kpepnSQI9IyPbHHg1XXXevb5dJI7tpyN2ADxGcQbHG7vcyRHk0cbwqcQriUtg==}

  send@0.19.2:
    resolution: {integrity: sha512-VMbMxbDeehAxpOtWJXlcUS5E8iXh6QmN+BkRX1GARS3wRaXEEgzCcB10gTQazO42tpNIya8xIyNx8fll1OFPrg==}
    engines: {node: '>= 0.8.0'}

  serve-static@1.16.3:
    resolution: {integrity: sha512-x0RTqQel6g5SY7Lg6ZreMmsOzncHFU7nhnRWkKgWuMTu5NN0DR5oruckMqRvacAN9d5w6ARnRBXl9xhDCgfMeA==}
    engines: {node: '>= 0.8.0'}

  setprototypeof@1.2.0:
    resolution: {integrity: sha512-E5LDX7Wrp85Kil5bhZv46j8jOeboKq5JMmYM3gVGdGH8xFpPWXUMsNrlODCrkoxMEeNi/XZIwuRvY4XNwYMJpw==}

  side-channel-list@1.0.1:
    resolution: {integrity: sha512-mjn/0bi/oUURjc5Xl7IaWi/OJJJumuoJFQJfDDyO46+hBWsfaVM65TBHq2eoZBhzl9EchxOijpkbRC8SVBQU0w==}
    engines: {node: '>= 0.4'}

  side-channel-map@1.0.1:
    resolution: {integrity: sha512-VCjCNfgMsby3tTdo02nbjtM/ewra6jPHmpThenkTYh8pG9ucZ/1P8So4u4FGBek/BjpOVsDCMoLA/iuBKIFXRA==}
    engines: {node: '>= 0.4'}

  side-channel-weakmap@1.0.2:
    resolution: {integrity: sha512-WPS/HvHQTYnHisLo9McqBHOJk2FkHO/tlpvldyrnem4aeQp4hai3gythswg6p01oSoTl58rcpiFAjF2br2Ak2A==}
    engines: {node: '>= 0.4'}

  side-channel@1.1.1:
    resolution: {integrity: sha512-6x6dK6zJdpTzF4sQeNYxwtvBzf6Eg4GtlesS94HOvTudUeyK2WXAaIfmDgsyslYrRBeFIlsi54AYsFGUuhmvrQ==}
    engines: {node: '>= 0.4'}

  source-map-js@1.2.2:
    resolution: {integrity: sha512-KGj/8Y43x35aZVDtt+J4mK1hoLGHULMYfSkODJNQjNDC3oW1PqPoxMwo0pLUsWM/UEGzON/NxeHywEfNXNP3Vw==}
    engines: {node: '>=0.10.0'}

  statuses@2.0.2:
    resolution: {integrity: sha512-DvEy55V3DB7uknRo+4iOGT5fP1slR8wQohVdknigZPMpMstaKJQWhwiYBACJE3Ul2pTnATihhBYnRhZQHGBiRw==}
    engines: {node: '>= 0.8'}

  swagger-ui-dist@5.33.1:
    resolution: {integrity: sha512-H872wWkA53bFIsGgi7OWgmq+CRWw3nFQGdJWRqOB9wNwTm6e5ol34+qPDkV4AJlK+gglM2EsJiOOzsGsEGbluA==}

  swagger-ui-express@5.0.1:
    resolution: {integrity: sha512-SrNU3RiBGTLLmFU8GIJdOdanJTl4TOmT27tt3bWWHppqYmAZ6IDuEuBvMU6nZq0zLEe6b/1rACXCgLZqO6ZfrA==}
    engines: {node: '>= v0.10.32'}
    peerDependencies:
      express: '>=4.0.0 || >=5.0.0-beta'

  toidentifier@1.0.1:
    resolution: {integrity: sha512-o5sSPKEkg/DIQNmH43V0/uerLrpzVedkUh8tGNvaeXpfpuwjKenlSox/2O/BTlZUtEe+JG7s5YhEz608PlAHRA==}
    engines: {node: '>=0.6'}

  type-is@1.6.18:
    resolution: {integrity: sha512-TkRKr9sUTxEH8MdfuCSP7VizJyzRNMjj2J2do2Jr3Kym598JVdEksuzPQCnlFPW4ky9Q+iA+ma9BGm06XQBy8g==}
    engines: {node: '>= 0.6'}

  typescript@5.9.3:
    resolution: {integrity: sha512-jl1vZzPDinLr9eUt3J/t7V6FgNEw9QjvBPdysz9KfQDD41fQrC2Y4vKQdiaUpFT4bXlb1RHhLpp8wtm6M5TgSw==}
    engines: {node: '>=14.17'}
    hasBin: true

  ufo@1.6.4:
    resolution: {integrity: sha512-JFNbkD1Svwe0KvGi8GOeLcP4kAWQ609twvCdcHxq1oSL8svv39ZuSvajcD8B+5D0eL4+s1Is2D/O6KN3qcTeRA==}

  undici-types@6.21.0:
    resolution: {integrity: sha512-iwDZqg0QAGrg9Rav5H4n0M64c3mkR59cJ6wQp+7C4nI0gsmExaedaYLNO44eT4AtBBwjbTiGPMlt2Md0T9H9JQ==}

  unpipe@1.0.0:
    resolution: {integrity: sha512-pjy2bYhSsufwWlKwPc+l3cN7+wuJlK6uz0YdJEOlQDbl6jo/YlPi4mb8agUkVC8BF7V8NuzeyPNqRksA3hztKQ==}
    engines: {node: '>= 0.8'}

  utils-merge@1.0.1:
    resolution: {integrity: sha512-pMZTvIkT1d+TFGvDOqodOclx0QWkkgi6Tdoa8gC8ffGAAqz9pzPTZWAybbsHHoED/ztMtkv/VoYTYyShUn81hA==}
    engines: {node: '>= 0.4.0'}

  vary@1.1.2:
    resolution: {integrity: sha512-BNGbWLfd0eUPabhkXUVm0j8uuvREyTh5ovRa/dyow/BqAbZJyC+5fU+IzQOzmAKzYqYRAISoRhdQr3eIZ/PXqg==}
    engines: {node: '>= 0.8'}

  vite-node@0.34.7:
    resolution: {integrity: sha512-0Yzb96QzHmqIKIs/x2q/sqG750V/EF6yDkS2p1WjJc1W2bgRSuQjf5vB9HY8h2nVb5j4pO5paS5Npcv3s69YUg==}
    engines: {node: '>=v14.18.0'}
    hasBin: true

  vite@5.4.21:
    resolution: {integrity: sha512-o5a9xKjbtuhY6Bi5S3+HvbRERmouabWbyUcpXXUA1u+GNUKoROi9byOJ8M0nHbHYHkYICiMlqxkg1KkYmm25Sw==}
    engines: {node: ^18.0.0 || >=20.0.0}
    hasBin: true
    peerDependencies:
      '@types/node': ^18.0.0 || >=20.0.0
      less: '*'
      lightningcss: ^1.21.0
      sass: '*'
      sass-embedded: '*'
      stylus: '*'
      sugarss: '*'
      terser: ^5.4.0
    peerDependenciesMeta:
      '@types/node':
        optional: true
      less:
        optional: true
      lightningcss:
        optional: true
      sass:
        optional: true
      sass-embedded:
        optional: true
      stylus:
        optional: true
      sugarss:
        optional: true
      terser:
        optional: true

  yaml@2.9.1:
    resolution: {integrity: sha512-3NxN8+78OdzbT7C/WjGsyfPAtJaN3FNDsWxv7Y7mcDsT/oOmgW8BpyQQFFBnvZE3j9Y2Sdz1ULFLezL7Eb2yFw==}
    engines: {node: '>= 14.6'}
    hasBin: true

  zod@3.25.76:
    resolution: {integrity: sha512-gzUt/qt81nXsFGKIFcC3YnfEAx5NkunCfnDlvuBSSFS02bcXu4Lmea0AFIUwbLWxWPx3d9p8S5QoaujKcNQxcQ==}

snapshots:

  '@asteasolutions/zod-to-openapi@5.5.0(zod@3.25.76)':
    dependencies:
      openapi3-ts: 4.6.1
      zod: 3.25.76

  '@esbuild/aix-ppc64@0.21.5':
    optional: true

  '@esbuild/android-arm64@0.21.5':
    optional: true

  '@esbuild/android-arm@0.21.5':
    optional: true

  '@esbuild/android-x64@0.21.5':
    optional: true

  '@esbuild/darwin-arm64@0.21.5':
    optional: true

  '@esbuild/darwin-x64@0.21.5':
    optional: true

  '@esbuild/freebsd-arm64@0.21.5':
    optional: true

  '@esbuild/freebsd-x64@0.21.5':
    optional: true

  '@esbuild/linux-arm64@0.21.5':
    optional: true

  '@esbuild/linux-arm@0.21.5':
    optional: true

  '@esbuild/linux-ia32@0.21.5':
    optional: true

  '@esbuild/linux-loong64@0.21.5':
    optional: true

  '@esbuild/linux-mips64el@0.21.5':
    optional: true

  '@esbuild/linux-ppc64@0.21.5':
    optional: true

  '@esbuild/linux-riscv64@0.21.5':
    optional: true

  '@esbuild/linux-s390x@0.21.5':
    optional: true

  '@esbuild/linux-x64@0.21.5':
    optional: true

  '@esbuild/netbsd-x64@0.21.5':
    optional: true

  '@esbuild/openbsd-x64@0.21.5':
    optional: true

  '@esbuild/sunos-x64@0.21.5':
    optional: true

  '@esbuild/win32-arm64@0.21.5':
    optional: true

  '@esbuild/win32-ia32@0.21.5':
    optional: true

  '@esbuild/win32-x64@0.21.5':
    optional: true

  '@napi-rs/lzma-linux-x64-gnu@1.5.1':
    optional: true

  '@rollup/rollup-android-arm-eabi@4.64.3':
    optional: true

  '@rollup/rollup-android-arm64@4.64.3':
    optional: true

  '@rollup/rollup-darwin-arm64@4.64.3':
    optional: true

  '@rollup/rollup-darwin-x64@4.64.3':
    optional: true

  '@rollup/rollup-freebsd-arm64@4.64.3':
    optional: true

  '@rollup/rollup-freebsd-x64@4.64.3':
    optional: true

  '@rollup/rollup-linux-arm-gnueabihf@4.64.3':
    optional: true

  '@rollup/rollup-linux-arm-musleabihf@4.64.3':
    optional: true

  '@rollup/rollup-linux-arm64-gnu@4.64.3':
    optional: true

  '@rollup/rollup-linux-arm64-musl@4.64.3':
    optional: true

  '@rollup/rollup-linux-loong64-gnu@4.64.3':
    optional: true

  '@rollup/rollup-linux-loong64-musl@4.64.3':
    optional: true

  '@rollup/rollup-linux-ppc64-gnu@4.64.3':
    optional: true

  '@rollup/rollup-linux-ppc64-musl@4.64.3':
    optional: true

  '@rollup/rollup-linux-riscv64-gnu@4.64.3':
    optional: true

  '@rollup/rollup-linux-riscv64-musl@4.64.3':
    optional: true

  '@rollup/rollup-linux-s390x-gnu@4.64.3':
    optional: true

  '@rollup/rollup-linux-x64-gnu@4.64.3':
    optional: true

  '@rollup/rollup-linux-x64-musl@4.64.3':
    optional: true

  '@rollup/rollup-openbsd-x64@4.64.3':
    optional: true

  '@rollup/rollup-openharmony-arm64@4.64.3':
    optional: true

  '@rollup/rollup-win32-arm64-msvc@4.64.3':
    optional: true

  '@rollup/rollup-win32-ia32-msvc@4.64.3':
    optional: true

  '@rollup/rollup-win32-x64-gnu@4.64.3':
    optional: true

  '@rollup/rollup-win32-x64-msvc@4.64.3':
    optional: true

  '@scarf/scarf@1.4.0': {}

  '@types/estree@1.0.9': {}

  '@types/node@20.19.43':
    dependencies:
      undici-types: 6.21.0

  accepts@1.3.8:
    dependencies:
      mime-types: 2.1.35
      negotiator: 0.6.3

  acorn@8.19.0: {}

  array-flatten@1.1.1: {}

  body-parser@1.20.8:
    dependencies:
      bytes: 3.1.2
      content-type: 1.0.5
      debug: 2.6.9
      depd: 2.0.0
      destroy: 1.2.0
      http-errors: 2.0.1
      iconv-lite: 0.4.24
      on-finished: 2.4.1
      qs: 6.16.0
      raw-body: 2.5.3
      type-is: 1.6.18
      unpipe: 1.0.0
    transitivePeerDependencies:
      - supports-color

  bytes@3.1.2: {}

  cac@6.7.14: {}

  call-bind-apply-helpers@1.0.2:
    dependencies:
      es-errors: 1.3.0
      function-bind: 1.1.2

  call-bound@1.0.4:
    dependencies:
      call-bind-apply-helpers: 1.0.2
      get-intrinsic: 1.3.0

  confbox@0.1.8: {}

  content-disposition@0.5.4:
    dependencies:
      safe-buffer: 5.2.1

  content-type@1.0.5: {}

  cookie-signature@1.0.7: {}

  cookie@0.7.2: {}

  debug@2.6.9:
    dependencies:
      ms: 2.0.0

  debug@4.4.3:
    dependencies:
      ms: 2.1.3

  depd@2.0.0: {}

  destroy@1.2.0: {}

  dunder-proto@1.0.1:
    dependencies:
      call-bind-apply-helpers: 1.0.2
      es-errors: 1.3.0
      gopd: 1.2.0

  ee-first@1.1.1: {}

  encodeurl@2.0.0: {}

  es-define-property@1.0.1: {}

  es-errors@1.3.0: {}

  es-object-atoms@1.1.2:
    dependencies:
      es-errors: 1.3.0

  esbuild@0.21.5:
    optionalDependencies:
      '@esbuild/aix-ppc64': 0.21.5
      '@esbuild/android-arm': 0.21.5
      '@esbuild/android-arm64': 0.21.5
      '@esbuild/android-x64': 0.21.5
      '@esbuild/darwin-arm64': 0.21.5
      '@esbuild/darwin-x64': 0.21.5
      '@esbuild/freebsd-arm64': 0.21.5
      '@esbuild/freebsd-x64': 0.21.5
      '@esbuild/linux-arm': 0.21.5
      '@esbuild/linux-arm64': 0.21.5
      '@esbuild/linux-ia32': 0.21.5
      '@esbuild/linux-loong64': 0.21.5
      '@esbuild/linux-mips64el': 0.21.5
      '@esbuild/linux-ppc64': 0.21.5
      '@esbuild/linux-riscv64': 0.21.5
      '@esbuild/linux-s390x': 0.21.5
      '@esbuild/linux-x64': 0.21.5
      '@esbuild/netbsd-x64': 0.21.5
      '@esbuild/openbsd-x64': 0.21.5
      '@esbuild/sunos-x64': 0.21.5
      '@esbuild/win32-arm64': 0.21.5
      '@esbuild/win32-ia32': 0.21.5
      '@esbuild/win32-x64': 0.21.5

  escape-html@1.0.3: {}

  etag@1.8.1: {}

  express@4.22.3:
    dependencies:
      accepts: 1.3.8
      array-flatten: 1.1.1
      body-parser: 1.20.8
      content-disposition: 0.5.4
      content-type: 1.0.5
      cookie: 0.7.2
      cookie-signature: 1.0.7
      debug: 2.6.9
      depd: 2.0.0
      encodeurl: 2.0.0
      escape-html: 1.0.3
      etag: 1.8.1
      finalhandler: 1.3.2
      fresh: 0.5.2
      http-errors: 2.0.1
      merge-descriptors: 1.0.3
      methods: 1.1.2
      on-finished: 2.4.1
      parseurl: 1.3.3
      path-to-regexp: 0.1.13
      proxy-addr: 2.0.8
      qs: 6.16.0
      range-parser: 1.2.1
      safe-buffer: 5.2.1
      send: 0.19.2
      serve-static: 1.16.3
      setprototypeof: 1.2.0
      statuses: 2.0.2
      type-is: 1.6.18
      utils-merge: 1.0.1
      vary: 1.1.2
    transitivePeerDependencies:
      - supports-color

  finalhandler@1.3.2:
    dependencies:
      debug: 2.6.9
      encodeurl: 2.0.0
      escape-html: 1.0.3
      on-finished: 2.4.1
      parseurl: 1.3.3
      statuses: 2.0.2
      unpipe: 1.0.0
    transitivePeerDependencies:
      - supports-color

  forwarded@0.2.0: {}

  fresh@0.5.2: {}

  fsevents@2.3.3:
    optional: true

  function-bind@1.1.2: {}

  get-intrinsic@1.3.0:
    dependencies:
      call-bind-apply-helpers: 1.0.2
      es-define-property: 1.0.1
      es-errors: 1.3.0
      es-object-atoms: 1.1.2
      function-bind: 1.1.2
      get-proto: 1.0.1
      gopd: 1.2.0
      has-symbols: 1.1.0
      hasown: 2.0.4
      math-intrinsics: 1.1.0

  get-proto@1.0.1:
    dependencies:
      dunder-proto: 1.0.1
      es-object-atoms: 1.1.2

  gopd@1.2.0: {}

  has-symbols@1.1.0: {}

  hasown@2.0.4:
    dependencies:
      function-bind: 1.1.2

  http-errors@2.0.1:
    dependencies:
      depd: 2.0.0
      inherits: 2.0.4
      setprototypeof: 1.2.0
      statuses: 2.0.2
      toidentifier: 1.0.1

  iconv-lite@0.4.24:
    dependencies:
      safer-buffer: 2.1.2

  inherits@2.0.4: {}

  ipaddr.js@1.9.1: {}

  math-intrinsics@1.1.0: {}

  media-typer@0.3.0: {}

  merge-descriptors@1.0.3: {}

  methods@1.1.2: {}

  mime-db@1.52.0: {}

  mime-types@2.1.35:
    dependencies:
      mime-db: 1.52.0

  mime@1.6.0: {}

  mlly@1.8.2:
    dependencies:
      acorn: 8.19.0
      pathe: 2.0.3
      pkg-types: 1.3.1
      ufo: 1.6.4

  ms@2.0.0: {}

  ms@2.1.3: {}

  nanoid@3.3.20: {}

  negotiator@0.6.3: {}

  object-inspect@1.13.4: {}

  on-finished@2.4.1:
    dependencies:
      ee-first: 1.1.1

  openapi3-ts@4.6.1:
    dependencies:
      yaml: 2.9.1

  parseurl@1.3.3: {}

  path-to-regexp@0.1.13: {}

  pathe@1.1.2: {}

  pathe@2.0.3: {}

  picocolors@1.1.1: {}

  pkg-types@1.3.1:
    dependencies:
      confbox: 0.1.8
      mlly: 1.8.2
      pathe: 2.0.3

  postcss@8.5.29:
    dependencies:
      nanoid: 3.3.20
      picocolors: 1.1.1
      source-map-js: 1.2.2

  proxy-addr@2.0.8:
    dependencies:
      forwarded: 0.2.0
      ipaddr.js: 1.9.1

  qs@6.16.0:
    dependencies:
      es-define-property: 1.0.1
      side-channel: 1.1.1

  range-parser@1.2.1: {}

  raw-body@2.5.3:
    dependencies:
      bytes: 3.1.2
      http-errors: 2.0.1
      iconv-lite: 0.4.24
      unpipe: 1.0.0

  redoc-express@2.1.3: {}

  rollup@4.64.3:
    dependencies:
      '@types/estree': 1.0.9
    optionalDependencies:
      '@napi-rs/lzma-linux-x64-gnu': 1.5.1
      '@rollup/rollup-android-arm-eabi': 4.64.3
      '@rollup/rollup-android-arm64': 4.64.3
      '@rollup/rollup-darwin-arm64': 4.64.3
      '@rollup/rollup-darwin-x64': 4.64.3
      '@rollup/rollup-freebsd-arm64': 4.64.3
      '@rollup/rollup-freebsd-x64': 4.64.3
      '@rollup/rollup-linux-arm-gnueabihf': 4.64.3
      '@rollup/rollup-linux-arm-musleabihf': 4.64.3
      '@rollup/rollup-linux-arm64-gnu': 4.64.3
      '@rollup/rollup-linux-arm64-musl': 4.64.3
      '@rollup/rollup-linux-loong64-gnu': 4.64.3
      '@rollup/rollup-linux-loong64-musl': 4.64.3
      '@rollup/rollup-linux-ppc64-gnu': 4.64.3
      '@rollup/rollup-linux-ppc64-musl': 4.64.3
      '@rollup/rollup-linux-riscv64-gnu': 4.64.3
      '@rollup/rollup-linux-riscv64-musl': 4.64.3
      '@rollup/rollup-linux-s390x-gnu': 4.64.3
      '@rollup/rollup-linux-x64-gnu': 4.64.3
      '@rollup/rollup-linux-x64-musl': 4.64.3
      '@rollup/rollup-openbsd-x64': 4.64.3
      '@rollup/rollup-openharmony-arm64': 4.64.3
      '@rollup/rollup-win32-arm64-msvc': 4.64.3
      '@rollup/rollup-win32-ia32-msvc': 4.64.3
      '@rollup/rollup-win32-x64-gnu': 4.64.3
      '@rollup/rollup-win32-x64-msvc': 4.64.3
      fsevents: 2.3.3

  safe-buffer@5.2.1: {}

  safer-buffer@2.1.2: {}

  send@0.19.2:
    dependencies:
      debug: 2.6.9
      depd: 2.0.0
      destroy: 1.2.0
      encodeurl: 2.0.0
      escape-html: 1.0.3
      etag: 1.8.1
      fresh: 0.5.2
      http-errors: 2.0.1
      mime: 1.6.0
      ms: 2.1.3
      on-finished: 2.4.1
      range-parser: 1.2.1
      statuses: 2.0.2
    transitivePeerDependencies:
      - supports-color

  serve-static@1.16.3:
    dependencies:
      encodeurl: 2.0.0
      escape-html: 1.0.3
      parseurl: 1.3.3
      send: 0.19.2
    transitivePeerDependencies:
      - supports-color

  setprototypeof@1.2.0: {}

  side-channel-list@1.0.1:
    dependencies:
      es-errors: 1.3.0
      object-inspect: 1.13.4

  side-channel-map@1.0.1:
    dependencies:
      call-bound: 1.0.4
      es-errors: 1.3.0
      get-intrinsic: 1.3.0
      object-inspect: 1.13.4

  side-channel-weakmap@1.0.2:
    dependencies:
      call-bound: 1.0.4
      es-errors: 1.3.0
      get-intrinsic: 1.3.0
      object-inspect: 1.13.4
      side-channel-map: 1.0.1

  side-channel@1.1.1:
    dependencies:
      es-errors: 1.3.0
      object-inspect: 1.13.4
      side-channel-list: 1.0.1
      side-channel-map: 1.0.1
      side-channel-weakmap: 1.0.2

  source-map-js@1.2.2: {}

  statuses@2.0.2: {}

  swagger-ui-dist@5.33.1:
    dependencies:
      '@scarf/scarf': 1.4.0

  swagger-ui-express@5.0.1(express@4.22.3):
    dependencies:
      express: 4.22.3
      swagger-ui-dist: 5.33.1

  toidentifier@1.0.1: {}

  type-is@1.6.18:
    dependencies:
      media-typer: 0.3.0
      mime-types: 2.1.35

  typescript@5.9.3: {}

  ufo@1.6.4: {}

  undici-types@6.21.0: {}

  unpipe@1.0.0: {}

  utils-merge@1.0.1: {}

  vary@1.1.2: {}

  vite-node@0.34.7(@types/node@20.19.43):
    dependencies:
      cac: 6.7.14
      debug: 4.4.3
      mlly: 1.8.2
      pathe: 1.1.2
      picocolors: 1.1.1
      vite: 5.4.21(@types/node@20.19.43)
    transitivePeerDependencies:
      - '@types/node'
      - less
      - lightningcss
      - sass
      - sass-embedded
      - stylus
      - sugarss
      - supports-color
      - terser

  vite@5.4.21(@types/node@20.19.43):
    dependencies:
      esbuild: 0.21.5
      postcss: 8.5.29
      rollup: 4.64.3
    optionalDependencies:
      '@types/node': 20.19.43
      fsevents: 2.3.3

  yaml@2.9.1: {}

  zod@3.25.76: {}
