lockfileVersion: 5.4

specifiers:
  '@prisma/client': 4.10.1
  '@tsconfig/node-lts-strictest-esm': ^18.12.1
  neverthrow: ^6.0.0
  prisma: 4.10.1

dependencies:
  '@prisma/client': 4.10.1_prisma@4.10.1
  neverthrow: 6.2.2

devDependencies:
  '@tsconfig/node-lts-strictest-esm': 18.12.1
  prisma: 4.10.1

packages:

  /@prisma/client/4.10.1_prisma@4.10.1:
    resolution: {integrity: sha512-VonXLJZybdt8e5XZH5vnIGCRNnIh6OMX1FS3H/yzMGLT3STj5TJ/OkMcednrvELgk8PK89Vo3aSh51MWNO0axA==}
    engines: {node: '>=14.17'}
    requiresBuild: true
    peerDependencies:
      prisma: '*'
    peerDependenciesMeta:
      prisma:
        optional: true
    dependencies:
      '@prisma/engines-version': 4.10.1-2.aead147aa326ccb985dcfed5b065b4fdabd44b19
      prisma: 4.10.1
    dev: false

  /@prisma/engines-version/4.10.1-2.aead147aa326ccb985dcfed5b065b4fdabd44b19:
    resolution: {integrity: sha512-tsjTho7laDhf9EJ9EnDxAPEf7yrigSMDhniXeU4YoWc7azHAs4GPxRi2P9LTFonmHkJLMOLjR77J1oIP8Ife1w==}
    dev: false

  /@prisma/engines/4.10.1:
    resolution: {integrity: sha512-B3tcTxjx196nuAu1GOTKO9cGPUgTFHYRdkPkTS4m5ptb2cejyBlH9X7GOfSt3xlI7p4zAJDshJP4JJivCg9ouA==}
    requiresBuild: true

  /@tsconfig/node-lts-strictest-esm/18.12.1:
    resolution: {integrity: sha512-LvBLmaC6Q/txTddLc11OeMHF9XjJFzlilkETJuvBlUvHy9pPiMsoH3nxWZM1FMSO53zp4mJP6gzOzxKEq0me7Q==}
    dev: true

  /neverthrow/6.2.2:
    resolution: {integrity: sha512-POR1FACqdK9jH0S2kRPzaZEvzT11wsOxLW520PQV/+vKi9dQe+hXq19EiOvYx7lSRaF5VB9lYGsPInynrnN05w==}
    dev: false

  /prisma/4.10.1:
    resolution: {integrity: sha512-0jDxgg+DruB1kHVNlcspXQB9au62IFfVg9drkhzXudszHNUAQn0lVuu+T8np0uC2z1nKD5S3qPeCyR8u5YFLnA==}
    engines: {node: '>=14.17'}
    hasBin: true
    requiresBuild: true
    dependencies:
      '@prisma/engines': 4.10.1
